
Microsoft Visual Studio Solution File, Format Version 12.00
# Visual Studio Version 16
VisualStudioVersion = 16.0.30804.86
MinimumVisualStudioVersion = 10.0.40219.1
Project("{FAE04EC0-301F-11D3-BF4B-00C04F79EFBC}") = "EbooksLib", "EbooksLib.csproj", "{7598920E-9189-466A-A389-7AE87E67118B}"
EndProject
Global
	GlobalSection(SolutionConfigurationPlatforms) = preSolution
		Debug|Any CPU = Debug|Any CPU
		Release|Any CPU = Release|Any CPU
	EndGlobalSection
	GlobalSection(ProjectConfigurationPlatforms) = postSolution
		{7598920E-9189-466A-A389-7AE87E67118B}.Debug|Any CPU.ActiveCfg = Debug|Any CPU
		{7598920E-9189-466A-A389-7AE87E67118B}.Debug|Any CPU.Build.0 = Debug|Any CPU
		{7598920E-9189-466A-A389-7AE87E67118B}.Release|Any CPU.ActiveCfg = Release|Any CPU
		{7598920E-9189-466A-A389-7AE87E67118B}.Release|Any CPU.Build.0 = Release|Any CPU
	EndGlobalSection
	GlobalSection(SolutionProperties) = preSolution
		HideSolutionNode = FALSE
	EndGlobalSection
	GlobalSection(ExtensibilityGlobals) = postSolution
		SolutionGuid = {31CFB670-931F-437E-A5E2-293EBFF2CD38}
	EndGlobalSection
EndGlobal
